
Microsoft Visual Studio Solution File, Format Version 12.00
# Visual Studio Version 17
VisualStudioVersion = 17.1.32210.238
MinimumVisualStudioVersion = 10.0.40219.1
Project("{FAE04EC0-301F-11D3-BF4B-00C04F79EFBC}") = "foodType", "foodType\foodType.csproj", "{EE9757E6-E764-4855-A8B5-0B260FD4930D}"
EndProject
Global
	GlobalSection(SolutionConfigurationPlatforms) = preSolution
		Debug|Any CPU = Debug|Any CPU
		Release|Any CPU = Release|Any CPU
	EndGlobalSection
	GlobalSection(ProjectConfigurationPlatforms) = postSolution
		{EE9757E6-E764-4855-A8B5-0B260FD4930D}.Debug|Any CPU.ActiveCfg = Debug|Any CPU
		{EE9757E6-E764-4855-A8B5-0B260FD4930D}.Debug|Any CPU.Build.0 = Debug|Any CPU
		{EE9757E6-E764-4855-A8B5-0B260FD4930D}.Release|Any CPU.ActiveCfg = Release|Any CPU
		{EE9757E6-E764-4855-A8B5-0B260FD4930D}.Release|Any CPU.Build.0 = Release|Any CPU
	EndGlobalSection
	GlobalSection(SolutionProperties) = preSolution
		HideSolutionNode = FALSE
	EndGlobalSection
	GlobalSection(ExtensibilityGlobals) = postSolution
		SolutionGuid = {7589D0A4-7F6F-4979-BD51-2CB9A6C243FF}
	EndGlobalSection
EndGlobal
